
Microsoft Visual Studio Solution File, Format Version 12.00
# Visual Studio 14
VisualStudioVersion = 14.0.25123.0
MinimumVisualStudioVersion = 10.0.40219.1
Project("{FAE04EC0-301F-11D3-BF4B-00C04F79EFBC}") = "AoC.Day1", "AoC.Day1\AoC.Day1.csproj", "{51B87CC9-D299-46B7-BBBB-83057136A7C5}"
EndProject
Project("{FAE04EC0-301F-11D3-BF4B-00C04F79EFBC}") = "AoC.Day2", "AoC.Day2\AoC.Day2.csproj", "{8FC5C766-4F69-4F94-A522-71251CAAC9B0}"
EndProject
Project("{FAE04EC0-301F-11D3-BF4B-00C04F79EFBC}") = "AoC.Day3", "AoC.Day3\AoC.Day3.csproj", "{8FBC22B9-0329-40A6-9944-C2B9C37A0249}"
EndProject
Project("{FAE04EC0-301F-11D3-BF4B-00C04F79EFBC}") = "AoC.Day4", "AoC.Day4\AoC.Day4.csproj", "{C4699C0E-7DEC-4947-8DAF-C8E0790A23BD}"
EndProject
Global
	GlobalSection(SolutionConfigurationPlatforms) = preSolution
		Debug|Any CPU = Debug|Any CPU
		Release|Any CPU = Release|Any CPU
	EndGlobalSection
	GlobalSection(ProjectConfigurationPlatforms) = postSolution
		{51B87CC9-D299-46B7-BBBB-83057136A7C5}.Debug|Any CPU.ActiveCfg = Debug|Any CPU
		{51B87CC9-D299-46B7-BBBB-83057136A7C5}.Debug|Any CPU.Build.0 = Debug|Any CPU
		{51B87CC9-D299-46B7-BBBB-83057136A7C5}.Release|Any CPU.ActiveCfg = Release|Any CPU
		{51B87CC9-D299-46B7-BBBB-83057136A7C5}.Release|Any CPU.Build.0 = Release|Any CPU
		{8FC5C766-4F69-4F94-A522-71251CAAC9B0}.Debug|Any CPU.ActiveCfg = Debug|Any CPU
		{8FC5C766-4F69-4F94-A522-71251CAAC9B0}.Debug|Any CPU.Build.0 = Debug|Any CPU
		{8FC5C766-4F69-4F94-A522-71251CAAC9B0}.Release|Any CPU.ActiveCfg = Release|Any CPU
		{8FC5C766-4F69-4F94-A522-71251CAAC9B0}.Release|Any CPU.Build.0 = Release|Any CPU
		{8FBC22B9-0329-40A6-9944-C2B9C37A0249}.Debug|Any CPU.ActiveCfg = Debug|Any CPU
		{8FBC22B9-0329-40A6-9944-C2B9C37A0249}.Debug|Any CPU.Build.0 = Debug|Any CPU
		{8FBC22B9-0329-40A6-9944-C2B9C37A0249}.Release|Any CPU.ActiveCfg = Release|Any CPU
		{8FBC22B9-0329-40A6-9944-C2B9C37A0249}.Release|Any CPU.Build.0 = Release|Any CPU
		{C4699C0E-7DEC-4947-8DAF-C8E0790A23BD}.Debug|Any CPU.ActiveCfg = Debug|Any CPU
		{C4699C0E-7DEC-4947-8DAF-C8E0790A23BD}.Debug|Any CPU.Build.0 = Debug|Any CPU
		{C4699C0E-7DEC-4947-8DAF-C8E0790A23BD}.Release|Any CPU.ActiveCfg = Release|Any CPU
		{C4699C0E-7DEC-4947-8DAF-C8E0790A23BD}.Release|Any CPU.Build.0 = Release|Any CPU
	EndGlobalSection
	GlobalSection(SolutionProperties) = preSolution
		HideSolutionNode = FALSE
	EndGlobalSection
EndGlobal
